// !$*UTF8*$!
{
	archiveVersion = 1;
	classes = {
	};
	objectVersion = 50;
	objects = {

/* Begin PBXBuildFile section */
		00AEA75120BD74F6008CA97D /* AppDelegate.swift in Sources */ = {isa = PBXBuildFile; fileRef = 00AEA75020BD74F6008CA97D /* AppDelegate.swift */; };
		00AEA75320BD74F6008CA97D /* ViewController.swift in Sources */ = {isa = PBXBuildFile; fileRef = 00AEA75220BD74F6008CA97D /* ViewController.swift */; };
		00AEA75620BD74F6008CA97D /* Main.storyboard in Resources */ = {isa = PBXBuildFile; fileRef = 00AEA75420BD74F6008CA97D /* Main.storyboard */; };
		00AEA75920BD74F6008CA97D /* CoreData_JsonPars_test.xcdatamodeld in Sources */ = {isa = PBXBuildFile; fileRef = 00AEA75720BD74F6008CA97D /* CoreData_JsonPars_test.xcdatamodeld */; };
		00AEA75B20BD74F7008CA97D /* Assets.xcassets in Resources */ = {isa = PBXBuildFile; fileRef = 00AEA75A20BD74F7008CA97D /* Assets.xcassets */; };
		00AEA75E20BD74F7008CA97D /* LaunchScreen.storyboard in Resources */ = {isa = PBXBuildFile; fileRef = 00AEA75C20BD74F7008CA97D /* LaunchScreen.storyboard */; };
		00AEA76920BD74F7008CA97D /* CoreData_JsonPars_testTests.swift in Sources */ = {isa = PBXBuildFile; fileRef = 00AEA76820BD74F7008CA97D /* CoreData_JsonPars_testTests.swift */; };
		00AEA77420BD74F7008CA97D /* CoreData_JsonPars_testUITests.swift in Sources */ = {isa = PBXBuildFile; fileRef = 00AEA77320BD74F7008CA97D /* CoreData_JsonPars_testUITests.swift */; };
		00AEA78220BD755B008CA97D /* APIService.swift in Sources */ = {isa = PBXBuildFile; fileRef = 00AEA78120BD755B008CA97D /* APIService.swift */; };
/* End PBXBuildFile section */

/* Begin PBXContainerItemProxy section */
		00AEA76520BD74F7008CA97D /* PBXContainerItemProxy */ = {
			isa = PBXContainerItemProxy;
			containerPortal = 00AEA74520BD74F6008CA97D /* Project object */;
			proxyType = 1;
			remoteGlobalIDString = 00AEA74C20BD74F6008CA97D;
			remoteInfo = CoreData_JsonPars_test;
		};
		00AEA77020BD74F7008CA97D /* PBXContainerItemProxy */ = {
			isa = PBXContainerItemProxy;
			containerPortal = 00AEA74520BD74F6008CA97D /* Project object */;
			proxyType = 1;
			remoteGlobalIDString = 00AEA74C20BD74F6008CA97D;
			remoteInfo = CoreData_JsonPars_test;
		};
/* End PBXContainerItemProxy section */

/* Begin PBXFileReference section */
		00AEA74D20BD74F6008CA97D /* CoreData_JsonPars_test.app */ = {isa = PBXFileReference; explicitFileType = wrapper.application; includeInIndex = 0; path = CoreData_JsonPars_test.app; sourceTree = BUILT_PRODUCTS_DIR; };
		00AEA75020BD74F6008CA97D /* AppDelegate.swift */ = {isa = PBXFileReference; lastKnownFileType = sourcecode.swift; path = AppDelegate.swift; sourceTree = "<group>"; };
		00AEA75220BD74F6008CA97D /* ViewController.swift */ = {isa = PBXFileReference; lastKnownFileType = sourcecode.swift; path = ViewController.swift; sourceTree = "<group>"; };
		00AEA75520BD74F6008CA97D /* Base */ = {isa = PBXFileReference; lastKnownFileType = file.storyboard; name = Base; path = Base.lproj/Main.storyboard; sourceTree = "<group>"; };
		00AEA75820BD74F6008CA97D /* CoreData_JsonPars_test.xcdatamodel */ = {isa = PBXFileReference; lastKnownFileType = wrapper.xcdatamodel; path = CoreData_JsonPars_test.xcdatamodel; sourceTree = "<group>"; };
		00AEA75A20BD74F7008CA97D /* Assets.xcassets */ = {isa = PBXFileReference; lastKnownFileType = folder.assetcatalog; path = Assets.xcassets; sourceTree = "<group>"; };
		00AEA75D20BD74F7008CA97D /* Base */ = {isa = PBXFileReference; lastKnownFileType = file.storyboard; name = Base; path = Base.lproj/LaunchScreen.storyboard; sourceTree = "<group>"; };
		00AEA75F20BD74F7008CA97D /* Info.plist */ = {isa = PBXFileReference; lastKnownFileType = text.plist.xml; path = Info.plist; sourceTree = "<group>"; };
		00AEA76420BD74F7008CA97D /* CoreData_JsonPars_testTests.xctest */ = {isa = PBXFileReference; explicitFileType = wrapper.cfbundle; includeInIndex = 0; path = CoreData_JsonPars_testTests.xctest; sourceTree = BUILT_PRODUCTS_DIR; };
		00AEA76820BD74F7008CA97D /* CoreData_JsonPars_testTests.swift */ = {isa = PBXFileReference; lastKnownFileType = sourcecode.swift; path = CoreData_JsonPars_testTests.swift; sourceTree = "<group>"; };
		00AEA76A20BD74F7008CA97D /* Info.plist */ = {isa = PBXFileReference; lastKnownFileType = text.plist.xml; path = Info.plist; sourceTree = "<group>"; };
		00AEA76F20BD74F7008CA97D /* CoreData_JsonPars_testUITests.xctest */ = {isa = PBXFileReference; explicitFileType = wrapper.cfbundle; includeInIndex = 0; path = CoreData_JsonPars_testUITests.xctest; sourceTree = BUILT_PRODUCTS_DIR; };
		00AEA77320BD74F7008CA97D /* CoreData_JsonPars_testUITests.swift */ = {isa = PBXFileReference; lastKnownFileType = sourcecode.swift; path = CoreData_JsonPars_testUITests.swift; sourceTree = "<group>"; };
		00AEA77520BD74F7008CA97D /* Info.plist */ = {isa = PBXFileReference; lastKnownFileType = text.plist.xml; path = Info.plist; sourceTree = "<group>"; };
		00AEA78120BD755B008CA97D /* APIService.swift */ = {isa = PBXFileReference; lastKnownFileType = sourcecode.swift; path = APIService.swift; sourceTree = "<group>"; };
/* End PBXFileReference section */

/* Begin PBXFrameworksBuildPhase section */
		00AEA74A20BD74F6008CA97D /* Frameworks */ = {
			isa = PBXFrameworksBuildPhase;
			buildActionMask = 2147483647;
			files = (
			);
			runOnlyForDeploymentPostprocessing = 0;
		};
		00AEA76120BD74F7008CA97D /* Frameworks */ = {
			isa = PBXFrameworksBuildPhase;
			buildActionMask = 2147483647;
			files = (
			);
			runOnlyForDeploymentPostprocessing = 0;
		};
		00AEA76C20BD74F7008CA97D /* Frameworks */ = {
			isa = PBXFrameworksBuildPhase;
			buildActionMask = 2147483647;
			files = (
			);
			runOnlyForDeploymentPostprocessing = 0;
		};
/* End PBXFrameworksBuildPhase section */

/* Begin PBXGroup section */
		00AEA74420BD74F6008CA97D = {
			isa = PBXGroup;
			children = (
				00AEA74F20BD74F6008CA97D /* CoreData_JsonPars_test */,
				00AEA76720BD74F7008CA97D /* CoreData_JsonPars_testTests */,
				00AEA77220BD74F7008CA97D /* CoreData_JsonPars_testUITests */,
				00AEA74E20BD74F6008CA97D /* Products */,
			);
			sourceTree = "<group>";
		};
		00AEA74E20BD74F6008CA97D /* Products */ = {
			isa = PBXGroup;
			children = (
				00AEA74D20BD74F6008CA97D /* CoreData_JsonPars_test.app */,
				00AEA76420BD74F7008CA97D /* CoreData_JsonPars_testTests.xctest */,
				00AEA76F20BD74F7008CA97D /* CoreData_JsonPars_testUITests.xctest */,
			);
			name = Products;
			sourceTree = "<group>";
		};
		00AEA74F20BD74F6008CA97D /* CoreData_JsonPars_test */ = {
			isa = PBXGroup;
			children = (
				00AEA75020BD74F6008CA97D /* AppDelegate.swift */,
				00AEA75220BD74F6008CA97D /* ViewController.swift */,
				00AEA78120BD755B008CA97D /* APIService.swift */,
				00AEA75420BD74F6008CA97D /* Main.storyboard */,
				00AEA75A20BD74F7008CA97D /* Assets.xcassets */,
				00AEA75C20BD74F7008CA97D /* LaunchScreen.storyboard */,
				00AEA75F20BD74F7008CA97D /* Info.plist */,
				00AEA75720BD74F6008CA97D /* CoreData_JsonPars_test.xcdatamodeld */,
			);
			path = CoreData_JsonPars_test;
			sourceTree = "<group>";
		};
		00AEA76720BD74F7008CA97D /* CoreData_JsonPars_testTests */ = {
			isa = PBXGroup;
			children = (
				00AEA76820BD74F7008CA97D /* CoreData_JsonPars_testTests.swift */,
				00AEA76A20BD74F7008CA97D /* Info.plist */,
			);
			path = CoreData_JsonPars_testTests;
			sourceTree = "<group>";
		};
		00AEA77220BD74F7008CA97D /* CoreData_JsonPars_testUITests */ = {
			isa = PBXGroup;
			children = (
				00AEA77320BD74F7008CA97D /* CoreData_JsonPars_testUITests.swift */,
				00AEA77520BD74F7008CA97D /* Info.plist */,
			);
			path = CoreData_JsonPars_testUITests;
			sourceTree = "<group>";
		};
/* End PBXGroup section */

/* Begin PBXNativeTarget section */
		00AEA74C20BD74F6008CA97D /* CoreData_JsonPars_test */ = {
			isa = PBXNativeTarget;
			buildConfigurationList = 00AEA77820BD74F7008CA97D /* Build configuration list for PBXNativeTarget "CoreData_JsonPars_test" */;
			buildPhases = (
				00AEA74920BD74F6008CA97D /* Sources */,
				00AEA74A20BD74F6008CA97D /* Frameworks */,
				00AEA74B20BD74F6008CA97D /* Resources */,
			);
			buildRules = (
			);
			dependencies = (
			);
			name = CoreData_JsonPars_test;
			productName = CoreData_JsonPars_test;
			productReference = 00AEA74D20BD74F6008CA97D /* CoreData_JsonPars_test.app */;
			productType = "com.apple.product-type.application";
		};
		00AEA76320BD74F7008CA97D /* CoreData_JsonPars_testTests */ = {
			isa = PBXNativeTarget;
			buildConfigurationList = 00AEA77B20BD74F7008CA97D /* Build configuration list for PBXNativeTarget "CoreData_JsonPars_testTests" */;
			buildPhases = (
				00AEA76020BD74F7008CA97D /* Sources */,
				00AEA76120BD74F7008CA97D /* Frameworks */,
				00AEA76220BD74F7008CA97D /* Resources */,
			);
			buildRules = (
			);
			dependencies = (
				00AEA76620BD74F7008CA97D /* PBXTargetDependency */,
			);
			name = CoreData_JsonPars_testTests;
			productName = CoreData_JsonPars_testTests;
			productReference = 00AEA76420BD74F7008CA97D /* CoreData_JsonPars_testTests.xctest */;
			productType = "com.apple.product-type.bundle.unit-test";
		};
		00AEA76E20BD74F7008CA97D /* CoreData_JsonPars_testUITests */ = {
			isa = PBXNativeTarget;
			buildConfigurationList = 00AEA77E20BD74F7008CA97D /* Build configuration list for PBXNativeTarget "CoreData_JsonPars_testUITests" */;
			buildPhases = (
				00AEA76B20BD74F7008CA97D /* Sources */,
				00AEA76C20BD74F7008CA97D /* Frameworks */,
				00AEA76D20BD74F7008CA97D /* Resources */,
			);
			buildRules = (
			);
			dependencies = (
				00AEA77120BD74F7008CA97D /* PBXTargetDependency */,
			);
			name = CoreData_JsonPars_testUITests;
			productName = CoreData_JsonPars_testUITests;
			productReference = 00AEA76F20BD74F7008CA97D /* CoreData_JsonPars_testUITests.xctest */;
			productType = "com.apple.product-type.bundle.ui-testing";
		};
/* End PBXNativeTarget section */

/* Begin PBXProject section */
		00AEA74520BD74F6008CA97D /* Project object */ = {
			isa = PBXProject;
			attributes = {
				LastSwiftUpdateCheck = 0930;
				LastUpgradeCheck = 0930;
				ORGANIZATIONNAME = "Robin Francq";
				TargetAttributes = {
					00AEA74C20BD74F6008CA97D = {
						CreatedOnToolsVersion = 9.3.1;
					};
					00AEA76320BD74F7008CA97D = {
						CreatedOnToolsVersion = 9.3.1;
						TestTargetID = 00AEA74C20BD74F6008CA97D;
					};
					00AEA76E20BD74F7008CA97D = {
						CreatedOnToolsVersion = 9.3.1;
						TestTargetID = 00AEA74C20BD74F6008CA97D;
					};
				};
			};
			buildConfigurationList = 00AEA74820BD74F6008CA97D /* Build configuration list for PBXProject "CoreData_JsonPars_test" */;
			compatibilityVersion = "Xcode 9.3";
			developmentRegion = en;
			hasScannedForEncodings = 0;
			knownRegions = (
				en,
				Base,
			);
			mainGroup = 00AEA74420BD74F6008CA97D;
			productRefGroup = 00AEA74E20BD74F6008CA97D /* Products */;
			projectDirPath = "";
			projectRoot = "";
			targets = (
				00AEA74C20BD74F6008CA97D /* CoreData_JsonPars_test */,
				00AEA76320BD74F7008CA97D /* CoreData_JsonPars_testTests */,
				00AEA76E20BD74F7008CA97D /* CoreData_JsonPars_testUITests */,
			);
		};
/* End PBXProject section */

/* Begin PBXResourcesBuildPhase section */
		00AEA74B20BD74F6008CA97D /* Resources */ = {
			isa = PBXResourcesBuildPhase;
			buildActionMask = 2147483647;
			files = (
				00AEA75E20BD74F7008CA97D /* LaunchScreen.storyboard in Resources */,
				00AEA75B20BD74F7008CA97D /* Assets.xcassets in Resources */,
				00AEA75620BD74F6008CA97D /* Main.storyboard in Resources */,
			);
			runOnlyForDeploymentPostprocessing = 0;
		};
		00AEA76220BD74F7008CA97D /* Resources */ = {
			isa = PBXResourcesBuildPhase;
			buildActionMask = 2147483647;
			files = (
			);
			runOnlyForDeploymentPostprocessing = 0;
		};
		00AEA76D20BD74F7008CA97D /* Resources */ = {
			isa = PBXResourcesBuildPhase;
			buildActionMask = 2147483647;
			files = (
			);
			runOnlyForDeploymentPostprocessing = 0;
		};
/* End PBXResourcesBuildPhase section */

/* Begin PBXSourcesBuildPhase section */
		00AEA74920BD74F6008CA97D /* Sources */ = {
			isa = PBXSourcesBuildPhase;
			buildActionMask = 2147483647;
			files = (
				00AEA75320BD74F6008CA97D /* ViewController.swift in Sources */,
				00AEA75920BD74F6008CA97D /* CoreData_JsonPars_test.xcdatamodeld in Sources */,
				00AEA78220BD755B008CA97D /* APIService.swift in Sources */,
				00AEA75120BD74F6008CA97D /* AppDelegate.swift in Sources */,
			);
			runOnlyForDeploymentPostprocessing = 0;
		};
		00AEA76020BD74F7008CA97D /* Sources */ = {
			isa = PBXSourcesBuildPhase;
			buildActionMask = 2147483647;
			files = (
				00AEA76920BD74F7008CA97D /* CoreData_JsonPars_testTests.swift in Sources */,
			);
			runOnlyForDeploymentPostprocessing = 0;
		};
		00AEA76B20BD74F7008CA97D /* Sources */ = {
			isa = PBXSourcesBuildPhase;
			buildActionMask = 2147483647;
			files = (
				00AEA77420BD74F7008CA97D /* CoreData_JsonPars_testUITests.swift in Sources */,
			);
			runOnlyForDeploymentPostprocessing = 0;
		};
/* End PBXSourcesBuildPhase section */

/* Begin PBXTargetDependency section */
		00AEA76620BD74F7008CA97D /* PBXTargetDependency */ = {
			isa = PBXTargetDependency;
			target = 00AEA74C20BD74F6008CA97D /* CoreData_JsonPars_test */;
			targetProxy = 00AEA76520BD74F7008CA97D /* PBXContainerItemProxy */;
		};
		00AEA77120BD74F7008CA97D /* PBXTargetDependency */ = {
			isa = PBXTargetDependency;
			target = 00AEA74C20BD74F6008CA97D /* CoreData_JsonPars_test */;
			targetProxy = 00AEA77020BD74F7008CA97D /* PBXContainerItemProxy */;
		};
/* End PBXTargetDependency section */

/* Begin PBXVariantGroup section */
		00AEA75420BD74F6008CA97D /* Main.storyboard */ = {
			isa = PBXVariantGroup;
			children = (
				00AEA75520BD74F6008CA97D /* Base */,
			);
			name = Main.storyboard;
			sourceTree = "<group>";
		};
		00AEA75C20BD74F7008CA97D /* LaunchScreen.storyboard */ = {
			isa = PBXVariantGroup;
			children = (
				00AEA75D20BD74F7008CA97D /* Base */,
			);
			name = LaunchScreen.storyboard;
			sourceTree = "<group>";
		};
/* End PBXVariantGroup section */

/* Begin XCBuildConfiguration section */
		00AEA77620BD74F7008CA97D /* Debug */ = {
			isa = XCBuildConfiguration;
			buildSettings = {
				ALWAYS_SEARCH_USER_PATHS = NO;
				CLANG_ANALYZER_NONNULL = YES;
				CLANG_ANALYZER_NUMBER_OBJECT_CONVERSION = YES_AGGRESSIVE;
				CLANG_CXX_LANGUAGE_STANDARD = "gnu++14";
				CLANG_CXX_LIBRARY = "libc++";
				CLANG_ENABLE_MODULES = YES;
				CLANG_ENABLE_OBJC_ARC = YES;
				CLANG_ENABLE_OBJC_WEAK = YES;
				CLANG_WARN_BLOCK_CAPTURE_AUTORELEASING = YES;
				CLANG_WARN_BOOL_CONVERSION = YES;
				CLANG_WARN_COMMA = YES;
				CLANG_WARN_CONSTANT_CONVERSION = YES;
				CLANG_WARN_DEPRECATED_OBJC_IMPLEMENTATIONS = YES;
				CLANG_WARN_DIRECT_OBJC_ISA_USAGE = YES_ERROR;
				CLANG_WARN_DOCUMENTATION_COMMENTS = YES;
				CLANG_WARN_EMPTY_BODY = YES;
				CLANG_WARN_ENUM_CONVERSION = YES;
				CLANG_WARN_INFINITE_RECURSION = YES;
				CLANG_WARN_INT_CONVERSION = YES;
				CLANG_WARN_NON_LITERAL_NULL_CONVERSION = YES;
				CLANG_WARN_OBJC_IMPLICIT_RETAIN_SELF = YES;
				CLANG_WARN_OBJC_LITERAL_CONVERSION = YES;
				CLANG_WARN_OBJC_ROOT_CLASS = YES_ERROR;
				CLANG_WARN_RANGE_LOOP_ANALYSIS = YES;
				CLANG_WARN_STRICT_PROTOTYPES = YES;
				CLANG_WARN_SUSPICIOUS_MOVE = YES;
				CLANG_WARN_UNGUARDED_AVAILABILITY = YES_AGGRESSIVE;
				CLANG_WARN_UNREACHABLE_CODE = YES;
				CLANG_WARN__DUPLICATE_METHOD_MATCH = YES;
				CODE_SIGN_IDENTITY = "iPhone Developer";
				COPY_PHASE_STRIP = NO;
				DEBUG_INFORMATION_FORMAT = dwarf;
				ENABLE_STRICT_OBJC_MSGSEND = YES;
				ENABLE_TESTABILITY = YES;
				GCC_C_LANGUAGE_STANDARD = gnu11;
				GCC_DYNAMIC_NO_PIC = NO;
				GCC_NO_COMMON_BLOCKS = YES;
				GCC_OPTIMIZATION_LEVEL = 0;
				GCC_PREPROCESSOR_DEFINITIONS = (
					"DEBUG=1",
					"$(inherited)",
				);
				GCC_WARN_64_TO_32_BIT_CONVERSION = YES;
				GCC_WARN_ABOUT_RETURN_TYPE = YES_ERROR;
				GCC_WARN_UNDECLARED_SELECTOR = YES;
				GCC_WARN_UNINITIALIZED_AUTOS = YES_AGGRESSIVE;
				GCC_WARN_UNUSED_FUNCTION = YES;
				GCC_WARN_UNUSED_VARIABLE = YES;
				IPHONEOS_DEPLOYMENT_TARGET = 11.3;
				MTL_ENABLE_DEBUG_INFO = YES;
				ONLY_ACTIVE_ARCH = YES;
				SDKROOT = iphoneos;
				SWIFT_ACTIVE_COMPILATION_CONDITIONS = DEBUG;
				SWIFT_OPTIMIZATION_LEVEL = "-Onone";
			};
			name = Debug;
		};
		00AEA77720BD74F7008CA97D /* Release */ = {
			isa = XCBuildConfiguration;
			buildSettings = {
				ALWAYS_SEARCH_USER_PATHS = NO;
				CLANG_ANALYZER_NONNULL = YES;
				CLANG_ANALYZER_NUMBER_OBJECT_CONVERSION = YES_AGGRESSIVE;
				CLANG_CXX_LANGUAGE_STANDARD = "gnu++14";
				CLANG_CXX_LIBRARY = "libc++";
				CLANG_ENABLE_MODULES = YES;
				CLANG_ENABLE_OBJC_ARC = YES;
				CLANG_ENABLE_OBJC_WEAK = YES;
				CLANG_WARN_BLOCK_CAPTURE_AUTORELEASING = YES;
				CLANG_WARN_BOOL_CONVERSION = YES;
				CLANG_WARN_COMMA = YES;
				CLANG_WARN_CONSTANT_CONVERSION = YES;
				CLANG_WARN_DEPRECATED_OBJC_IMPLEMENTATIONS = YES;
				CLANG_WARN_DIRECT_OBJC_ISA_USAGE = YES_ERROR;
				CLANG_WARN_DOCUMENTATION_COMMENTS = YES;
				CLANG_WARN_EMPTY_BODY = YES;
				CLANG_WARN_ENUM_CONVERSION = YES;
				CLANG_WARN_INFINITE_RECURSION = YES;
				CLANG_WARN_INT_CONVERSION = YES;
				CLANG_WARN_NON_LITERAL_NULL_CONVERSION = YES;
				CLANG_WARN_OBJC_IMPLICIT_RETAIN_SELF = YES;
				CLANG_WARN_OBJC_LITERAL_CONVERSION = YES;
				CLANG_WARN_OBJC_ROOT_CLASS = YES_ERROR;
				CLANG_WARN_RANGE_LOOP_ANALYSIS = YES;
				CLANG_WARN_STRICT_PROTOTYPES = YES;
				CLANG_WARN_SUSPICIOUS_MOVE = YES;
				CLANG_WARN_UNGUARDED_AVAILABILITY = YES_AGGRESSIVE;
				CLANG_WARN_UNREACHABLE_CODE = YES;
				CLANG_WARN__DUPLICATE_METHOD_MATCH = YES;
				CODE_SIGN_IDENTITY = "iPhone Developer";
				COPY_PHASE_STRIP = NO;
				DEBUG_INFORMATION_FORMAT = "dwarf-with-dsym";
				ENABLE_NS_ASSERTIONS = NO;
				ENABLE_STRICT_OBJC_MSGSEND = YES;
				GCC_C_LANGUAGE_STANDARD = gnu11;
				GCC_NO_COMMON_BLOCKS = YES;
				GCC_WARN_64_TO_32_BIT_CONVERSION = YES;
				GCC_WARN_ABOUT_RETURN_TYPE = YES_ERROR;
				GCC_WARN_UNDECLARED_SELECTOR = YES;
				GCC_WARN_UNINITIALIZED_AUTOS = YES_AGGRESSIVE;
				GCC_WARN_UNUSED_FUNCTION = YES;
				GCC_WARN_UNUSED_VARIABLE = YES;
				IPHONEOS_DEPLOYMENT_TARGET = 11.3;
				MTL_ENABLE_DEBUG_INFO = NO;
				SDKROOT = iphoneos;
				SWIFT_COMPILATION_MODE = wholemodule;
				SWIFT_OPTIMIZATION_LEVEL = "-O";
				VALIDATE_PRODUCT = YES;
			};
			name = Release;
		};
		00AEA77920BD74F7008CA97D /* Debug */ = {
			isa = XCBuildConfiguration;
			buildSettings = {
				ASSETCATALOG_COMPILER_APPICON_NAME = AppIcon;
				CODE_SIGN_STYLE = Automatic;
				DEVELOPMENT_TEAM = J676C8A7S2;
				INFOPLIST_FILE = CoreData_JsonPars_test/Info.plist;
				LD_RUNPATH_SEARCH_PATHS = (
					"$(inherited)",
					"@executable_path/Frameworks",
				);
				PRODUCT_BUNDLE_IDENTIFIER = "-998.CoreData-JsonPars-test";
				PRODUCT_NAME = "$(TARGET_NAME)";
				SWIFT_VERSION = 4.0;
				TARGETED_DEVICE_FAMILY = "1,2";
			};
			name = Debug;
		};
		00AEA77A20BD74F7008CA97D /* Release */ = {
			isa = XCBuildConfiguration;
			buildSettings = {
				ASSETCATALOG_COMPILER_APPICON_NAME = AppIcon;
				CODE_SIGN_STYLE = Automatic;
				DEVELOPMENT_TEAM = J676C8A7S2;
				INFOPLIST_FILE = CoreData_JsonPars_test/Info.plist;
				LD_RUNPATH_SEARCH_PATHS = (
					"$(inherited)",
					"@executable_path/Frameworks",
				);
				PRODUCT_BUNDLE_IDENTIFIER = "-998.CoreData-JsonPars-test";
				PRODUCT_NAME = "$(TARGET_NAME)";
				SWIFT_VERSION = 4.0;
				TARGETED_DEVICE_FAMILY = "1,2";
			};
			name = Release;
		};
		00AEA77C20BD74F7008CA97D /* Debug */ = {
			isa = XCBuildConfiguration;
			buildSettings = {
				ALWAYS_EMBED_SWIFT_STANDARD_LIBRARIES = YES;
				BUNDLE_LOADER = "$(TEST_HOST)";
				CODE_SIGN_STYLE = Automatic;
				DEVELOPMENT_TEAM = J676C8A7S2;
				INFOPLIST_FILE = CoreData_JsonPars_testTests/Info.plist;
				LD_RUNPATH_SEARCH_PATHS = (
					"$(inherited)",
					"@executable_path/Frameworks",
					"@loader_path/Frameworks",
				);
				PRODUCT_BUNDLE_IDENTIFIER = "-998.CoreData-JsonPars-testTests";
				PRODUCT_NAME = "$(TARGET_NAME)";
				SWIFT_VERSION = 4.0;
				TARGETED_DEVICE_FAMILY = "1,2";
				TEST_HOST = "$(BUILT_PRODUCTS_DIR)/CoreData_JsonPars_test.app/CoreData_JsonPars_test";
			};
			name = Debug;
		};
		00AEA77D20BD74F7008CA97D /* Release */ = {
			isa = XCBuildConfiguration;
			buildSettings = {
				ALWAYS_EMBED_SWIFT_STANDARD_LIBRARIES = YES;
				BUNDLE_LOADER = "$(TEST_HOST)";
				CODE_SIGN_STYLE = Automatic;
				DEVELOPMENT_TEAM = J676C8A7S2;
				INFOPLIST_FILE = CoreData_JsonPars_testTests/Info.plist;
				LD_RUNPATH_SEARCH_PATHS = (
					"$(inherited)",
					"@executable_path/Frameworks",
					"@loader_path/Frameworks",
				);
				PRODUCT_BUNDLE_IDENTIFIER = "-998.CoreData-JsonPars-testTests";
				PRODUCT_NAME = "$(TARGET_NAME)";
				SWIFT_VERSION = 4.0;
				TARGETED_DEVICE_FAMILY = "1,2";
				TEST_HOST = "$(BUILT_PRODUCTS_DIR)/CoreData_JsonPars_test.app/CoreData_JsonPars_test";
			};
			name = Release;
		};
		00AEA77F20BD74F7008CA97D /* Debug */ = {
			isa = XCBuildConfiguration;
			buildSettings = {
				ALWAYS_EMBED_SWIFT_STANDARD_LIBRARIES = YES;
				CODE_SIGN_STYLE = Automatic;
				DEVELOPMENT_TEAM = J676C8A7S2;
				INFOPLIST_FILE = CoreData_JsonPars_testUITests/Info.plist;
				LD_RUNPATH_SEARCH_PATHS = (
					"$(inherited)",
					"@executable_path/Frameworks",
					"@loader_path/Frameworks",
				);
				PRODUCT_BUNDLE_IDENTIFIER = "-998.CoreData-JsonPars-testUITests";
				PRODUCT_NAME = "$(TARGET_NAME)";
				SWIFT_VERSION = 4.0;
				TARGETED_DEVICE_FAMILY = "1,2";
				TEST_TARGET_NAME = CoreData_JsonPars_test;
			};
			name = Debug;
		};
		00AEA78020BD74F7008CA97D /* Release */ = {
			isa = XCBuildConfiguration;
			buildSettings = {
				ALWAYS_EMBED_SWIFT_STANDARD_LIBRARIES = YES;
				CODE_SIGN_STYLE = Automatic;
				DEVELOPMENT_TEAM = J676C8A7S2;
				INFOPLIST_FILE = CoreData_JsonPars_testUITests/Info.plist;
				LD_RUNPATH_SEARCH_PATHS = (
					"$(inherited)",
					"@executable_path/Frameworks",
					"@loader_path/Frameworks",
				);
				PRODUCT_BUNDLE_IDENTIFIER = "-998.CoreData-JsonPars-testUITests";
				PRODUCT_NAME = "$(TARGET_NAME)";
				SWIFT_VERSION = 4.0;
				TARGETED_DEVICE_FAMILY = "1,2";
				TEST_TARGET_NAME = CoreData_JsonPars_test;
			};
			name = Release;
		};
/* End XCBuildConfiguration section */

/* Begin XCConfigurationList section */
		00AEA74820BD74F6008CA97D /* Build configuration list for PBXProject "CoreData_JsonPars_test" */ = {
			isa = XCConfigurationList;
			buildConfigurations = (
				00AEA77620BD74F7008CA97D /* Debug */,
				00AEA77720BD74F7008CA97D /* Release */,
			);
			defaultConfigurationIsVisible = 0;
			defaultConfigurationName = Release;
		};
		00AEA77820BD74F7008CA97D /* Build configuration list for PBXNativeTarget "CoreData_JsonPars_test" */ = {
			isa = XCConfigurationList;
			buildConfigurations = (
				00AEA77920BD74F7008CA97D /* Debug */,
				00AEA77A20BD74F7008CA97D /* Release */,
			);
			defaultConfigurationIsVisible = 0;
			defaultConfigurationName = Release;
		};
		00AEA77B20BD74F7008CA97D /* Build configuration list for PBXNativeTarget "CoreData_JsonPars_testTests" */ = {
			isa = XCConfigurationList;
			buildConfigurations = (
				00AEA77C20BD74F7008CA97D /* Debug */,
				00AEA77D20BD74F7008CA97D /* Release */,
			);
			defaultConfigurationIsVisible = 0;
			defaultConfigurationName = Release;
		};
		00AEA77E20BD74F7008CA97D /* Build configuration list for PBXNativeTarget "CoreData_JsonPars_testUITests" */ = {
			isa = XCConfigurationList;
			buildConfigurations = (
				00AEA77F20BD74F7008CA97D /* Debug */,
				00AEA78020BD74F7008CA97D /* Release */,
			);
			defaultConfigurationIsVisible = 0;
			defaultConfigurationName = Release;
		};
/* End XCConfigurationList section */

/* Begin XCVersionGroup section */
		00AEA75720BD74F6008CA97D /* CoreData_JsonPars_test.xcdatamodeld */ = {
			isa = XCVersionGroup;
			children = (
				00AEA75820BD74F6008CA97D /* CoreData_JsonPars_test.xcdatamodel */,
			);
			currentVersion = 00AEA75820BD74F6008CA97D /* CoreData_JsonPars_test.xcdatamodel */;
			path = CoreData_JsonPars_test.xcdatamodeld;
			sourceTree = "<group>";
			versionGroupType = wrapper.xcdatamodel;
		};
/* End XCVersionGroup section */
	};
	rootObject = 00AEA74520BD74F6008CA97D /* Project object */;
}
