// !$*UTF8*$!
{
	archiveVersion = 1;
	classes = {
	};
	objectVersion = 50;
	objects = {

/* Begin PBXBuildFile section */
		00AEA6D720BD4DAE008CA97D /* AppDelegate.swift in Sources */ = {isa = PBXBuildFile; fileRef = 00AEA6D620BD4DAE008CA97D /* AppDelegate.swift */; };
		00AEA6D920BD4DAE008CA97D /* ViewController.swift in Sources */ = {isa = PBXBuildFile; fileRef = 00AEA6D820BD4DAE008CA97D /* ViewController.swift */; };
		00AEA6DC20BD4DAE008CA97D /* Main.storyboard in Resources */ = {isa = PBXBuildFile; fileRef = 00AEA6DA20BD4DAE008CA97D /* Main.storyboard */; };
		00AEA6DF20BD4DAE008CA97D /* WebServiceTest.xcdatamodeld in Sources */ = {isa = PBXBuildFile; fileRef = 00AEA6DD20BD4DAE008CA97D /* WebServiceTest.xcdatamodeld */; };
		00AEA6E120BD4DAF008CA97D /* Assets.xcassets in Resources */ = {isa = PBXBuildFile; fileRef = 00AEA6E020BD4DAF008CA97D /* Assets.xcassets */; };
		00AEA6E420BD4DAF008CA97D /* LaunchScreen.storyboard in Resources */ = {isa = PBXBuildFile; fileRef = 00AEA6E220BD4DAF008CA97D /* LaunchScreen.storyboard */; };
		00AEA6EF20BD4DAF008CA97D /* WebServiceTestTests.swift in Sources */ = {isa = PBXBuildFile; fileRef = 00AEA6EE20BD4DAF008CA97D /* WebServiceTestTests.swift */; };
		00AEA6FA20BD4DAF008CA97D /* WebServiceTestUITests.swift in Sources */ = {isa = PBXBuildFile; fileRef = 00AEA6F920BD4DAF008CA97D /* WebServiceTestUITests.swift */; };
/* End PBXBuildFile section */

/* Begin PBXContainerItemProxy section */
		00AEA6EB20BD4DAF008CA97D /* PBXContainerItemProxy */ = {
			isa = PBXContainerItemProxy;
			containerPortal = 00AEA6CB20BD4DAE008CA97D /* Project object */;
			proxyType = 1;
			remoteGlobalIDString = 00AEA6D220BD4DAE008CA97D;
			remoteInfo = WebServiceTest;
		};
		00AEA6F620BD4DAF008CA97D /* PBXContainerItemProxy */ = {
			isa = PBXContainerItemProxy;
			containerPortal = 00AEA6CB20BD4DAE008CA97D /* Project object */;
			proxyType = 1;
			remoteGlobalIDString = 00AEA6D220BD4DAE008CA97D;
			remoteInfo = WebServiceTest;
		};
/* End PBXContainerItemProxy section */

/* Begin PBXFileReference section */
		00AEA6D320BD4DAE008CA97D /* WebServiceTest.app */ = {isa = PBXFileReference; explicitFileType = wrapper.application; includeInIndex = 0; path = WebServiceTest.app; sourceTree = BUILT_PRODUCTS_DIR; };
		00AEA6D620BD4DAE008CA97D /* AppDelegate.swift */ = {isa = PBXFileReference; lastKnownFileType = sourcecode.swift; path = AppDelegate.swift; sourceTree = "<group>"; };
		00AEA6D820BD4DAE008CA97D /* ViewController.swift */ = {isa = PBXFileReference; lastKnownFileType = sourcecode.swift; path = ViewController.swift; sourceTree = "<group>"; };
		00AEA6DB20BD4DAE008CA97D /* Base */ = {isa = PBXFileReference; lastKnownFileType = file.storyboard; name = Base; path = Base.lproj/Main.storyboard; sourceTree = "<group>"; };
		00AEA6DE20BD4DAE008CA97D /* WebServiceTest.xcdatamodel */ = {isa = PBXFileReference; lastKnownFileType = wrapper.xcdatamodel; path = WebServiceTest.xcdatamodel; sourceTree = "<group>"; };
		00AEA6E020BD4DAF008CA97D /* Assets.xcassets */ = {isa = PBXFileReference; lastKnownFileType = folder.assetcatalog; path = Assets.xcassets; sourceTree = "<group>"; };
		00AEA6E320BD4DAF008CA97D /* Base */ = {isa = PBXFileReference; lastKnownFileType = file.storyboard; name = Base; path = Base.lproj/LaunchScreen.storyboard; sourceTree = "<group>"; };
		00AEA6E520BD4DAF008CA97D /* Info.plist */ = {isa = PBXFileReference; lastKnownFileType = text.plist.xml; path = Info.plist; sourceTree = "<group>"; };
		00AEA6EA20BD4DAF008CA97D /* WebServiceTestTests.xctest */ = {isa = PBXFileReference; explicitFileType = wrapper.cfbundle; includeInIndex = 0; path = WebServiceTestTests.xctest; sourceTree = BUILT_PRODUCTS_DIR; };
		00AEA6EE20BD4DAF008CA97D /* WebServiceTestTests.swift */ = {isa = PBXFileReference; lastKnownFileType = sourcecode.swift; path = WebServiceTestTests.swift; sourceTree = "<group>"; };
		00AEA6F020BD4DAF008CA97D /* Info.plist */ = {isa = PBXFileReference; lastKnownFileType = text.plist.xml; path = Info.plist; sourceTree = "<group>"; };
		00AEA6F520BD4DAF008CA97D /* WebServiceTestUITests.xctest */ = {isa = PBXFileReference; explicitFileType = wrapper.cfbundle; includeInIndex = 0; path = WebServiceTestUITests.xctest; sourceTree = BUILT_PRODUCTS_DIR; };
		00AEA6F920BD4DAF008CA97D /* WebServiceTestUITests.swift */ = {isa = PBXFileReference; lastKnownFileType = sourcecode.swift; path = WebServiceTestUITests.swift; sourceTree = "<group>"; };
		00AEA6FB20BD4DAF008CA97D /* Info.plist */ = {isa = PBXFileReference; lastKnownFileType = text.plist.xml; path = Info.plist; sourceTree = "<group>"; };
/* End PBXFileReference section */

/* Begin PBXFrameworksBuildPhase section */
		00AEA6D020BD4DAE008CA97D /* Frameworks */ = {
			isa = PBXFrameworksBuildPhase;
			buildActionMask = 2147483647;
			files = (
			);
			runOnlyForDeploymentPostprocessing = 0;
		};
		00AEA6E720BD4DAF008CA97D /* Frameworks */ = {
			isa = PBXFrameworksBuildPhase;
			buildActionMask = 2147483647;
			files = (
			);
			runOnlyForDeploymentPostprocessing = 0;
		};
		00AEA6F220BD4DAF008CA97D /* Frameworks */ = {
			isa = PBXFrameworksBuildPhase;
			buildActionMask = 2147483647;
			files = (
			);
			runOnlyForDeploymentPostprocessing = 0;
		};
/* End PBXFrameworksBuildPhase section */

/* Begin PBXGroup section */
		00AEA6CA20BD4DAE008CA97D = {
			isa = PBXGroup;
			children = (
				00AEA6D520BD4DAE008CA97D /* WebServiceTest */,
				00AEA6ED20BD4DAF008CA97D /* WebServiceTestTests */,
				00AEA6F820BD4DAF008CA97D /* WebServiceTestUITests */,
				00AEA6D420BD4DAE008CA97D /* Products */,
			);
			sourceTree = "<group>";
		};
		00AEA6D420BD4DAE008CA97D /* Products */ = {
			isa = PBXGroup;
			children = (
				00AEA6D320BD4DAE008CA97D /* WebServiceTest.app */,
				00AEA6EA20BD4DAF008CA97D /* WebServiceTestTests.xctest */,
				00AEA6F520BD4DAF008CA97D /* WebServiceTestUITests.xctest */,
			);
			name = Products;
			sourceTree = "<group>";
		};
		00AEA6D520BD4DAE008CA97D /* WebServiceTest */ = {
			isa = PBXGroup;
			children = (
				00AEA6D620BD4DAE008CA97D /* AppDelegate.swift */,
				00AEA6D820BD4DAE008CA97D /* ViewController.swift */,
				00AEA6DA20BD4DAE008CA97D /* Main.storyboard */,
				00AEA6E020BD4DAF008CA97D /* Assets.xcassets */,
				00AEA6E220BD4DAF008CA97D /* LaunchScreen.storyboard */,
				00AEA6E520BD4DAF008CA97D /* Info.plist */,
				00AEA6DD20BD4DAE008CA97D /* WebServiceTest.xcdatamodeld */,
			);
			path = WebServiceTest;
			sourceTree = "<group>";
		};
		00AEA6ED20BD4DAF008CA97D /* WebServiceTestTests */ = {
			isa = PBXGroup;
			children = (
				00AEA6EE20BD4DAF008CA97D /* WebServiceTestTests.swift */,
				00AEA6F020BD4DAF008CA97D /* Info.plist */,
			);
			path = WebServiceTestTests;
			sourceTree = "<group>";
		};
		00AEA6F820BD4DAF008CA97D /* WebServiceTestUITests */ = {
			isa = PBXGroup;
			children = (
				00AEA6F920BD4DAF008CA97D /* WebServiceTestUITests.swift */,
				00AEA6FB20BD4DAF008CA97D /* Info.plist */,
			);
			path = WebServiceTestUITests;
			sourceTree = "<group>";
		};
/* End PBXGroup section */

/* Begin PBXNativeTarget section */
		00AEA6D220BD4DAE008CA97D /* WebServiceTest */ = {
			isa = PBXNativeTarget;
			buildConfigurationList = 00AEA6FE20BD4DAF008CA97D /* Build configuration list for PBXNativeTarget "WebServiceTest" */;
			buildPhases = (
				00AEA6CF20BD4DAE008CA97D /* Sources */,
				00AEA6D020BD4DAE008CA97D /* Frameworks */,
				00AEA6D120BD4DAE008CA97D /* Resources */,
			);
			buildRules = (
			);
			dependencies = (
			);
			name = WebServiceTest;
			productName = WebServiceTest;
			productReference = 00AEA6D320BD4DAE008CA97D /* WebServiceTest.app */;
			productType = "com.apple.product-type.application";
		};
		00AEA6E920BD4DAF008CA97D /* WebServiceTestTests */ = {
			isa = PBXNativeTarget;
			buildConfigurationList = 00AEA70120BD4DAF008CA97D /* Build configuration list for PBXNativeTarget "WebServiceTestTests" */;
			buildPhases = (
				00AEA6E620BD4DAF008CA97D /* Sources */,
				00AEA6E720BD4DAF008CA97D /* Frameworks */,
				00AEA6E820BD4DAF008CA97D /* Resources */,
			);
			buildRules = (
			);
			dependencies = (
				00AEA6EC20BD4DAF008CA97D /* PBXTargetDependency */,
			);
			name = WebServiceTestTests;
			productName = WebServiceTestTests;
			productReference = 00AEA6EA20BD4DAF008CA97D /* WebServiceTestTests.xctest */;
			productType = "com.apple.product-type.bundle.unit-test";
		};
		00AEA6F420BD4DAF008CA97D /* WebServiceTestUITests */ = {
			isa = PBXNativeTarget;
			buildConfigurationList = 00AEA70420BD4DAF008CA97D /* Build configuration list for PBXNativeTarget "WebServiceTestUITests" */;
			buildPhases = (
				00AEA6F120BD4DAF008CA97D /* Sources */,
				00AEA6F220BD4DAF008CA97D /* Frameworks */,
				00AEA6F320BD4DAF008CA97D /* Resources */,
			);
			buildRules = (
			);
			dependencies = (
				00AEA6F720BD4DAF008CA97D /* PBXTargetDependency */,
			);
			name = WebServiceTestUITests;
			productName = WebServiceTestUITests;
			productReference = 00AEA6F520BD4DAF008CA97D /* WebServiceTestUITests.xctest */;
			productType = "com.apple.product-type.bundle.ui-testing";
		};
/* End PBXNativeTarget section */

/* Begin PBXProject section */
		00AEA6CB20BD4DAE008CA97D /* Project object */ = {
			isa = PBXProject;
			attributes = {
				LastSwiftUpdateCheck = 0930;
				LastUpgradeCheck = 0930;
				ORGANIZATIONNAME = "Robin Francq";
				TargetAttributes = {
					00AEA6D220BD4DAE008CA97D = {
						CreatedOnToolsVersion = 9.3.1;
					};
					00AEA6E920BD4DAF008CA97D = {
						CreatedOnToolsVersion = 9.3.1;
						TestTargetID = 00AEA6D220BD4DAE008CA97D;
					};
					00AEA6F420BD4DAF008CA97D = {
						CreatedOnToolsVersion = 9.3.1;
						TestTargetID = 00AEA6D220BD4DAE008CA97D;
					};
				};
			};
			buildConfigurationList = 00AEA6CE20BD4DAE008CA97D /* Build configuration list for PBXProject "WebServiceTest" */;
			compatibilityVersion = "Xcode 9.3";
			developmentRegion = en;
			hasScannedForEncodings = 0;
			knownRegions = (
				en,
				Base,
			);
			mainGroup = 00AEA6CA20BD4DAE008CA97D;
			productRefGroup = 00AEA6D420BD4DAE008CA97D /* Products */;
			projectDirPath = "";
			projectRoot = "";
			targets = (
				00AEA6D220BD4DAE008CA97D /* WebServiceTest */,
				00AEA6E920BD4DAF008CA97D /* WebServiceTestTests */,
				00AEA6F420BD4DAF008CA97D /* WebServiceTestUITests */,
			);
		};
/* End PBXProject section */

/* Begin PBXResourcesBuildPhase section */
		00AEA6D120BD4DAE008CA97D /* Resources */ = {
			isa = PBXResourcesBuildPhase;
			buildActionMask = 2147483647;
			files = (
				00AEA6E420BD4DAF008CA97D /* LaunchScreen.storyboard in Resources */,
				00AEA6E120BD4DAF008CA97D /* Assets.xcassets in Resources */,
				00AEA6DC20BD4DAE008CA97D /* Main.storyboard in Resources */,
			);
			runOnlyForDeploymentPostprocessing = 0;
		};
		00AEA6E820BD4DAF008CA97D /* Resources */ = {
			isa = PBXResourcesBuildPhase;
			buildActionMask = 2147483647;
			files = (
			);
			runOnlyForDeploymentPostprocessing = 0;
		};
		00AEA6F320BD4DAF008CA97D /* Resources */ = {
			isa = PBXResourcesBuildPhase;
			buildActionMask = 2147483647;
			files = (
			);
			runOnlyForDeploymentPostprocessing = 0;
		};
/* End PBXResourcesBuildPhase section */

/* Begin PBXSourcesBuildPhase section */
		00AEA6CF20BD4DAE008CA97D /* Sources */ = {
			isa = PBXSourcesBuildPhase;
			buildActionMask = 2147483647;
			files = (
				00AEA6DF20BD4DAE008CA97D /* WebServiceTest.xcdatamodeld in Sources */,
				00AEA6D920BD4DAE008CA97D /* ViewController.swift in Sources */,
				00AEA6D720BD4DAE008CA97D /* AppDelegate.swift in Sources */,
			);
			runOnlyForDeploymentPostprocessing = 0;
		};
		00AEA6E620BD4DAF008CA97D /* Sources */ = {
			isa = PBXSourcesBuildPhase;
			buildActionMask = 2147483647;
			files = (
				00AEA6EF20BD4DAF008CA97D /* WebServiceTestTests.swift in Sources */,
			);
			runOnlyForDeploymentPostprocessing = 0;
		};
		00AEA6F120BD4DAF008CA97D /* Sources */ = {
			isa = PBXSourcesBuildPhase;
			buildActionMask = 2147483647;
			files = (
				00AEA6FA20BD4DAF008CA97D /* WebServiceTestUITests.swift in Sources */,
			);
			runOnlyForDeploymentPostprocessing = 0;
		};
/* End PBXSourcesBuildPhase section */

/* Begin PBXTargetDependency section */
		00AEA6EC20BD4DAF008CA97D /* PBXTargetDependency */ = {
			isa = PBXTargetDependency;
			target = 00AEA6D220BD4DAE008CA97D /* WebServiceTest */;
			targetProxy = 00AEA6EB20BD4DAF008CA97D /* PBXContainerItemProxy */;
		};
		00AEA6F720BD4DAF008CA97D /* PBXTargetDependency */ = {
			isa = PBXTargetDependency;
			target = 00AEA6D220BD4DAE008CA97D /* WebServiceTest */;
			targetProxy = 00AEA6F620BD4DAF008CA97D /* PBXContainerItemProxy */;
		};
/* End PBXTargetDependency section */

/* Begin PBXVariantGroup section */
		00AEA6DA20BD4DAE008CA97D /* Main.storyboard */ = {
			isa = PBXVariantGroup;
			children = (
				00AEA6DB20BD4DAE008CA97D /* Base */,
			);
			name = Main.storyboard;
			sourceTree = "<group>";
		};
		00AEA6E220BD4DAF008CA97D /* LaunchScreen.storyboard */ = {
			isa = PBXVariantGroup;
			children = (
				00AEA6E320BD4DAF008CA97D /* Base */,
			);
			name = LaunchScreen.storyboard;
			sourceTree = "<group>";
		};
/* End PBXVariantGroup section */

/* Begin XCBuildConfiguration section */
		00AEA6FC20BD4DAF008CA97D /* Debug */ = {
			isa = XCBuildConfiguration;
			buildSettings = {
				ALWAYS_SEARCH_USER_PATHS = NO;
				CLANG_ANALYZER_NONNULL = YES;
				CLANG_ANALYZER_NUMBER_OBJECT_CONVERSION = YES_AGGRESSIVE;
				CLANG_CXX_LANGUAGE_STANDARD = "gnu++14";
				CLANG_CXX_LIBRARY = "libc++";
				CLANG_ENABLE_MODULES = YES;
				CLANG_ENABLE_OBJC_ARC = YES;
				CLANG_ENABLE_OBJC_WEAK = YES;
				CLANG_WARN_BLOCK_CAPTURE_AUTORELEASING = YES;
				CLANG_WARN_BOOL_CONVERSION = YES;
				CLANG_WARN_COMMA = YES;
				CLANG_WARN_CONSTANT_CONVERSION = YES;
				CLANG_WARN_DEPRECATED_OBJC_IMPLEMENTATIONS = YES;
				CLANG_WARN_DIRECT_OBJC_ISA_USAGE = YES_ERROR;
				CLANG_WARN_DOCUMENTATION_COMMENTS = YES;
				CLANG_WARN_EMPTY_BODY = YES;
				CLANG_WARN_ENUM_CONVERSION = YES;
				CLANG_WARN_INFINITE_RECURSION = YES;
				CLANG_WARN_INT_CONVERSION = YES;
				CLANG_WARN_NON_LITERAL_NULL_CONVERSION = YES;
				CLANG_WARN_OBJC_IMPLICIT_RETAIN_SELF = YES;
				CLANG_WARN_OBJC_LITERAL_CONVERSION = YES;
				CLANG_WARN_OBJC_ROOT_CLASS = YES_ERROR;
				CLANG_WARN_RANGE_LOOP_ANALYSIS = YES;
				CLANG_WARN_STRICT_PROTOTYPES = YES;
				CLANG_WARN_SUSPICIOUS_MOVE = YES;
				CLANG_WARN_UNGUARDED_AVAILABILITY = YES_AGGRESSIVE;
				CLANG_WARN_UNREACHABLE_CODE = YES;
				CLANG_WARN__DUPLICATE_METHOD_MATCH = YES;
				CODE_SIGN_IDENTITY = "iPhone Developer";
				COPY_PHASE_STRIP = NO;
				DEBUG_INFORMATION_FORMAT = dwarf;
				ENABLE_STRICT_OBJC_MSGSEND = YES;
				ENABLE_TESTABILITY = YES;
				GCC_C_LANGUAGE_STANDARD = gnu11;
				GCC_DYNAMIC_NO_PIC = NO;
				GCC_NO_COMMON_BLOCKS = YES;
				GCC_OPTIMIZATION_LEVEL = 0;
				GCC_PREPROCESSOR_DEFINITIONS = (
					"DEBUG=1",
					"$(inherited)",
				);
				GCC_WARN_64_TO_32_BIT_CONVERSION = YES;
				GCC_WARN_ABOUT_RETURN_TYPE = YES_ERROR;
				GCC_WARN_UNDECLARED_SELECTOR = YES;
				GCC_WARN_UNINITIALIZED_AUTOS = YES_AGGRESSIVE;
				GCC_WARN_UNUSED_FUNCTION = YES;
				GCC_WARN_UNUSED_VARIABLE = YES;
				IPHONEOS_DEPLOYMENT_TARGET = 11.3;
				MTL_ENABLE_DEBUG_INFO = YES;
				ONLY_ACTIVE_ARCH = YES;
				SDKROOT = iphoneos;
				SWIFT_ACTIVE_COMPILATION_CONDITIONS = DEBUG;
				SWIFT_OPTIMIZATION_LEVEL = "-Onone";
			};
			name = Debug;
		};
		00AEA6FD20BD4DAF008CA97D /* Release */ = {
			isa = XCBuildConfiguration;
			buildSettings = {
				ALWAYS_SEARCH_USER_PATHS = NO;
				CLANG_ANALYZER_NONNULL = YES;
				CLANG_ANALYZER_NUMBER_OBJECT_CONVERSION = YES_AGGRESSIVE;
				CLANG_CXX_LANGUAGE_STANDARD = "gnu++14";
				CLANG_CXX_LIBRARY = "libc++";
				CLANG_ENABLE_MODULES = YES;
				CLANG_ENABLE_OBJC_ARC = YES;
				CLANG_ENABLE_OBJC_WEAK = YES;
				CLANG_WARN_BLOCK_CAPTURE_AUTORELEASING = YES;
				CLANG_WARN_BOOL_CONVERSION = YES;
				CLANG_WARN_COMMA = YES;
				CLANG_WARN_CONSTANT_CONVERSION = YES;
				CLANG_WARN_DEPRECATED_OBJC_IMPLEMENTATIONS = YES;
				CLANG_WARN_DIRECT_OBJC_ISA_USAGE = YES_ERROR;
				CLANG_WARN_DOCUMENTATION_COMMENTS = YES;
				CLANG_WARN_EMPTY_BODY = YES;
				CLANG_WARN_ENUM_CONVERSION = YES;
				CLANG_WARN_INFINITE_RECURSION = YES;
				CLANG_WARN_INT_CONVERSION = YES;
				CLANG_WARN_NON_LITERAL_NULL_CONVERSION = YES;
				CLANG_WARN_OBJC_IMPLICIT_RETAIN_SELF = YES;
				CLANG_WARN_OBJC_LITERAL_CONVERSION = YES;
				CLANG_WARN_OBJC_ROOT_CLASS = YES_ERROR;
				CLANG_WARN_RANGE_LOOP_ANALYSIS = YES;
				CLANG_WARN_STRICT_PROTOTYPES = YES;
				CLANG_WARN_SUSPICIOUS_MOVE = YES;
				CLANG_WARN_UNGUARDED_AVAILABILITY = YES_AGGRESSIVE;
				CLANG_WARN_UNREACHABLE_CODE = YES;
				CLANG_WARN__DUPLICATE_METHOD_MATCH = YES;
				CODE_SIGN_IDENTITY = "iPhone Developer";
				COPY_PHASE_STRIP = NO;
				DEBUG_INFORMATION_FORMAT = "dwarf-with-dsym";
				ENABLE_NS_ASSERTIONS = NO;
				ENABLE_STRICT_OBJC_MSGSEND = YES;
				GCC_C_LANGUAGE_STANDARD = gnu11;
				GCC_NO_COMMON_BLOCKS = YES;
				GCC_WARN_64_TO_32_BIT_CONVERSION = YES;
				GCC_WARN_ABOUT_RETURN_TYPE = YES_ERROR;
				GCC_WARN_UNDECLARED_SELECTOR = YES;
				GCC_WARN_UNINITIALIZED_AUTOS = YES_AGGRESSIVE;
				GCC_WARN_UNUSED_FUNCTION = YES;
				GCC_WARN_UNUSED_VARIABLE = YES;
				IPHONEOS_DEPLOYMENT_TARGET = 11.3;
				MTL_ENABLE_DEBUG_INFO = NO;
				SDKROOT = iphoneos;
				SWIFT_COMPILATION_MODE = wholemodule;
				SWIFT_OPTIMIZATION_LEVEL = "-O";
				VALIDATE_PRODUCT = YES;
			};
			name = Release;
		};
		00AEA6FF20BD4DAF008CA97D /* Debug */ = {
			isa = XCBuildConfiguration;
			buildSettings = {
				ASSETCATALOG_COMPILER_APPICON_NAME = AppIcon;
				CODE_SIGN_STYLE = Automatic;
				DEVELOPMENT_TEAM = J676C8A7S2;
				INFOPLIST_FILE = WebServiceTest/Info.plist;
				LD_RUNPATH_SEARCH_PATHS = (
					"$(inherited)",
					"@executable_path/Frameworks",
				);
				PRODUCT_BUNDLE_IDENTIFIER = "-998.WebServiceTest";
				PRODUCT_NAME = "$(TARGET_NAME)";
				SWIFT_VERSION = 4.0;
				TARGETED_DEVICE_FAMILY = "1,2";
			};
			name = Debug;
		};
		00AEA70020BD4DAF008CA97D /* Release */ = {
			isa = XCBuildConfiguration;
			buildSettings = {
				ASSETCATALOG_COMPILER_APPICON_NAME = AppIcon;
				CODE_SIGN_STYLE = Automatic;
				DEVELOPMENT_TEAM = J676C8A7S2;
				INFOPLIST_FILE = WebServiceTest/Info.plist;
				LD_RUNPATH_SEARCH_PATHS = (
					"$(inherited)",
					"@executable_path/Frameworks",
				);
				PRODUCT_BUNDLE_IDENTIFIER = "-998.WebServiceTest";
				PRODUCT_NAME = "$(TARGET_NAME)";
				SWIFT_VERSION = 4.0;
				TARGETED_DEVICE_FAMILY = "1,2";
			};
			name = Release;
		};
		00AEA70220BD4DAF008CA97D /* Debug */ = {
			isa = XCBuildConfiguration;
			buildSettings = {
				ALWAYS_EMBED_SWIFT_STANDARD_LIBRARIES = YES;
				BUNDLE_LOADER = "$(TEST_HOST)";
				CODE_SIGN_STYLE = Automatic;
				DEVELOPMENT_TEAM = J676C8A7S2;
				INFOPLIST_FILE = WebServiceTestTests/Info.plist;
				LD_RUNPATH_SEARCH_PATHS = (
					"$(inherited)",
					"@executable_path/Frameworks",
					"@loader_path/Frameworks",
				);
				PRODUCT_BUNDLE_IDENTIFIER = "-998.WebServiceTestTests";
				PRODUCT_NAME = "$(TARGET_NAME)";
				SWIFT_VERSION = 4.0;
				TARGETED_DEVICE_FAMILY = "1,2";
				TEST_HOST = "$(BUILT_PRODUCTS_DIR)/WebServiceTest.app/WebServiceTest";
			};
			name = Debug;
		};
		00AEA70320BD4DAF008CA97D /* Release */ = {
			isa = XCBuildConfiguration;
			buildSettings = {
				ALWAYS_EMBED_SWIFT_STANDARD_LIBRARIES = YES;
				BUNDLE_LOADER = "$(TEST_HOST)";
				CODE_SIGN_STYLE = Automatic;
				DEVELOPMENT_TEAM = J676C8A7S2;
				INFOPLIST_FILE = WebServiceTestTests/Info.plist;
				LD_RUNPATH_SEARCH_PATHS = (
					"$(inherited)",
					"@executable_path/Frameworks",
					"@loader_path/Frameworks",
				);
				PRODUCT_BUNDLE_IDENTIFIER = "-998.WebServiceTestTests";
				PRODUCT_NAME = "$(TARGET_NAME)";
				SWIFT_VERSION = 4.0;
				TARGETED_DEVICE_FAMILY = "1,2";
				TEST_HOST = "$(BUILT_PRODUCTS_DIR)/WebServiceTest.app/WebServiceTest";
			};
			name = Release;
		};
		00AEA70520BD4DAF008CA97D /* Debug */ = {
			isa = XCBuildConfiguration;
			buildSettings = {
				ALWAYS_EMBED_SWIFT_STANDARD_LIBRARIES = YES;
				CODE_SIGN_STYLE = Automatic;
				DEVELOPMENT_TEAM = J676C8A7S2;
				INFOPLIST_FILE = WebServiceTestUITests/Info.plist;
				LD_RUNPATH_SEARCH_PATHS = (
					"$(inherited)",
					"@executable_path/Frameworks",
					"@loader_path/Frameworks",
				);
				PRODUCT_BUNDLE_IDENTIFIER = "-998.WebServiceTestUITests";
				PRODUCT_NAME = "$(TARGET_NAME)";
				SWIFT_VERSION = 4.0;
				TARGETED_DEVICE_FAMILY = "1,2";
				TEST_TARGET_NAME = WebServiceTest;
			};
			name = Debug;
		};
		00AEA70620BD4DAF008CA97D /* Release */ = {
			isa = XCBuildConfiguration;
			buildSettings = {
				ALWAYS_EMBED_SWIFT_STANDARD_LIBRARIES = YES;
				CODE_SIGN_STYLE = Automatic;
				DEVELOPMENT_TEAM = J676C8A7S2;
				INFOPLIST_FILE = WebServiceTestUITests/Info.plist;
				LD_RUNPATH_SEARCH_PATHS = (
					"$(inherited)",
					"@executable_path/Frameworks",
					"@loader_path/Frameworks",
				);
				PRODUCT_BUNDLE_IDENTIFIER = "-998.WebServiceTestUITests";
				PRODUCT_NAME = "$(TARGET_NAME)";
				SWIFT_VERSION = 4.0;
				TARGETED_DEVICE_FAMILY = "1,2";
				TEST_TARGET_NAME = WebServiceTest;
			};
			name = Release;
		};
/* End XCBuildConfiguration section */

/* Begin XCConfigurationList section */
		00AEA6CE20BD4DAE008CA97D /* Build configuration list for PBXProject "WebServiceTest" */ = {
			isa = XCConfigurationList;
			buildConfigurations = (
				00AEA6FC20BD4DAF008CA97D /* Debug */,
				00AEA6FD20BD4DAF008CA97D /* Release */,
			);
			defaultConfigurationIsVisible = 0;
			defaultConfigurationName = Release;
		};
		00AEA6FE20BD4DAF008CA97D /* Build configuration list for PBXNativeTarget "WebServiceTest" */ = {
			isa = XCConfigurationList;
			buildConfigurations = (
				00AEA6FF20BD4DAF008CA97D /* Debug */,
				00AEA70020BD4DAF008CA97D /* Release */,
			);
			defaultConfigurationIsVisible = 0;
			defaultConfigurationName = Release;
		};
		00AEA70120BD4DAF008CA97D /* Build configuration list for PBXNativeTarget "WebServiceTestTests" */ = {
			isa = XCConfigurationList;
			buildConfigurations = (
				00AEA70220BD4DAF008CA97D /* Debug */,
				00AEA70320BD4DAF008CA97D /* Release */,
			);
			defaultConfigurationIsVisible = 0;
			defaultConfigurationName = Release;
		};
		00AEA70420BD4DAF008CA97D /* Build configuration list for PBXNativeTarget "WebServiceTestUITests" */ = {
			isa = XCConfigurationList;
			buildConfigurations = (
				00AEA70520BD4DAF008CA97D /* Debug */,
				00AEA70620BD4DAF008CA97D /* Release */,
			);
			defaultConfigurationIsVisible = 0;
			defaultConfigurationName = Release;
		};
/* End XCConfigurationList section */

/* Begin XCVersionGroup section */
		00AEA6DD20BD4DAE008CA97D /* WebServiceTest.xcdatamodeld */ = {
			isa = XCVersionGroup;
			children = (
				00AEA6DE20BD4DAE008CA97D /* WebServiceTest.xcdatamodel */,
			);
			currentVersion = 00AEA6DE20BD4DAE008CA97D /* WebServiceTest.xcdatamodel */;
			path = WebServiceTest.xcdatamodeld;
			sourceTree = "<group>";
			versionGroupType = wrapper.xcdatamodel;
		};
/* End XCVersionGroup section */
	};
	rootObject = 00AEA6CB20BD4DAE008CA97D /* Project object */;
}
