// !$*UTF8*$!
{
	archiveVersion = 1;
	classes = {
	};
	objectVersion = 50;
	objects = {

/* Begin PBXBuildFile section */
		00AEA69A20BD400B008CA97D /* AppDelegate.swift in Sources */ = {isa = PBXBuildFile; fileRef = 00AEA69920BD400B008CA97D /* AppDelegate.swift */; };
		00AEA69C20BD400B008CA97D /* ViewController.swift in Sources */ = {isa = PBXBuildFile; fileRef = 00AEA69B20BD400B008CA97D /* ViewController.swift */; };
		00AEA69F20BD400B008CA97D /* Main.storyboard in Resources */ = {isa = PBXBuildFile; fileRef = 00AEA69D20BD400B008CA97D /* Main.storyboard */; };
		00AEA6A220BD400B008CA97D /* CoreDataTest.xcdatamodeld in Sources */ = {isa = PBXBuildFile; fileRef = 00AEA6A020BD400B008CA97D /* CoreDataTest.xcdatamodeld */; };
		00AEA6A420BD400D008CA97D /* Assets.xcassets in Resources */ = {isa = PBXBuildFile; fileRef = 00AEA6A320BD400D008CA97D /* Assets.xcassets */; };
		00AEA6A720BD400D008CA97D /* LaunchScreen.storyboard in Resources */ = {isa = PBXBuildFile; fileRef = 00AEA6A520BD400D008CA97D /* LaunchScreen.storyboard */; };
		00AEA6B220BD400E008CA97D /* CoreDataTestTests.swift in Sources */ = {isa = PBXBuildFile; fileRef = 00AEA6B120BD400E008CA97D /* CoreDataTestTests.swift */; };
		00AEA6BD20BD400E008CA97D /* CoreDataTestUITests.swift in Sources */ = {isa = PBXBuildFile; fileRef = 00AEA6BC20BD400E008CA97D /* CoreDataTestUITests.swift */; };
/* End PBXBuildFile section */

/* Begin PBXContainerItemProxy section */
		00AEA6AE20BD400E008CA97D /* PBXContainerItemProxy */ = {
			isa = PBXContainerItemProxy;
			containerPortal = 00AEA68E20BD400B008CA97D /* Project object */;
			proxyType = 1;
			remoteGlobalIDString = 00AEA69520BD400B008CA97D;
			remoteInfo = CoreDataTest;
		};
		00AEA6B920BD400E008CA97D /* PBXContainerItemProxy */ = {
			isa = PBXContainerItemProxy;
			containerPortal = 00AEA68E20BD400B008CA97D /* Project object */;
			proxyType = 1;
			remoteGlobalIDString = 00AEA69520BD400B008CA97D;
			remoteInfo = CoreDataTest;
		};
/* End PBXContainerItemProxy section */

/* Begin PBXFileReference section */
		00AEA69620BD400B008CA97D /* CoreDataTest.app */ = {isa = PBXFileReference; explicitFileType = wrapper.application; includeInIndex = 0; path = CoreDataTest.app; sourceTree = BUILT_PRODUCTS_DIR; };
		00AEA69920BD400B008CA97D /* AppDelegate.swift */ = {isa = PBXFileReference; lastKnownFileType = sourcecode.swift; path = AppDelegate.swift; sourceTree = "<group>"; };
		00AEA69B20BD400B008CA97D /* ViewController.swift */ = {isa = PBXFileReference; lastKnownFileType = sourcecode.swift; path = ViewController.swift; sourceTree = "<group>"; };
		00AEA69E20BD400B008CA97D /* Base */ = {isa = PBXFileReference; lastKnownFileType = file.storyboard; name = Base; path = Base.lproj/Main.storyboard; sourceTree = "<group>"; };
		00AEA6A120BD400B008CA97D /* CoreDataTest.xcdatamodel */ = {isa = PBXFileReference; lastKnownFileType = wrapper.xcdatamodel; path = CoreDataTest.xcdatamodel; sourceTree = "<group>"; };
		00AEA6A320BD400D008CA97D /* Assets.xcassets */ = {isa = PBXFileReference; lastKnownFileType = folder.assetcatalog; path = Assets.xcassets; sourceTree = "<group>"; };
		00AEA6A620BD400D008CA97D /* Base */ = {isa = PBXFileReference; lastKnownFileType = file.storyboard; name = Base; path = Base.lproj/LaunchScreen.storyboard; sourceTree = "<group>"; };
		00AEA6A820BD400E008CA97D /* Info.plist */ = {isa = PBXFileReference; lastKnownFileType = text.plist.xml; path = Info.plist; sourceTree = "<group>"; };
		00AEA6AD20BD400E008CA97D /* CoreDataTestTests.xctest */ = {isa = PBXFileReference; explicitFileType = wrapper.cfbundle; includeInIndex = 0; path = CoreDataTestTests.xctest; sourceTree = BUILT_PRODUCTS_DIR; };
		00AEA6B120BD400E008CA97D /* CoreDataTestTests.swift */ = {isa = PBXFileReference; lastKnownFileType = sourcecode.swift; path = CoreDataTestTests.swift; sourceTree = "<group>"; };
		00AEA6B320BD400E008CA97D /* Info.plist */ = {isa = PBXFileReference; lastKnownFileType = text.plist.xml; path = Info.plist; sourceTree = "<group>"; };
		00AEA6B820BD400E008CA97D /* CoreDataTestUITests.xctest */ = {isa = PBXFileReference; explicitFileType = wrapper.cfbundle; includeInIndex = 0; path = CoreDataTestUITests.xctest; sourceTree = BUILT_PRODUCTS_DIR; };
		00AEA6BC20BD400E008CA97D /* CoreDataTestUITests.swift */ = {isa = PBXFileReference; lastKnownFileType = sourcecode.swift; path = CoreDataTestUITests.swift; sourceTree = "<group>"; };
		00AEA6BE20BD400E008CA97D /* Info.plist */ = {isa = PBXFileReference; lastKnownFileType = text.plist.xml; path = Info.plist; sourceTree = "<group>"; };
/* End PBXFileReference section */

/* Begin PBXFrameworksBuildPhase section */
		00AEA69320BD400B008CA97D /* Frameworks */ = {
			isa = PBXFrameworksBuildPhase;
			buildActionMask = 2147483647;
			files = (
			);
			runOnlyForDeploymentPostprocessing = 0;
		};
		00AEA6AA20BD400E008CA97D /* Frameworks */ = {
			isa = PBXFrameworksBuildPhase;
			buildActionMask = 2147483647;
			files = (
			);
			runOnlyForDeploymentPostprocessing = 0;
		};
		00AEA6B520BD400E008CA97D /* Frameworks */ = {
			isa = PBXFrameworksBuildPhase;
			buildActionMask = 2147483647;
			files = (
			);
			runOnlyForDeploymentPostprocessing = 0;
		};
/* End PBXFrameworksBuildPhase section */

/* Begin PBXGroup section */
		00AEA68D20BD400B008CA97D = {
			isa = PBXGroup;
			children = (
				00AEA69820BD400B008CA97D /* CoreDataTest */,
				00AEA6B020BD400E008CA97D /* CoreDataTestTests */,
				00AEA6BB20BD400E008CA97D /* CoreDataTestUITests */,
				00AEA69720BD400B008CA97D /* Products */,
			);
			sourceTree = "<group>";
		};
		00AEA69720BD400B008CA97D /* Products */ = {
			isa = PBXGroup;
			children = (
				00AEA69620BD400B008CA97D /* CoreDataTest.app */,
				00AEA6AD20BD400E008CA97D /* CoreDataTestTests.xctest */,
				00AEA6B820BD400E008CA97D /* CoreDataTestUITests.xctest */,
			);
			name = Products;
			sourceTree = "<group>";
		};
		00AEA69820BD400B008CA97D /* CoreDataTest */ = {
			isa = PBXGroup;
			children = (
				00AEA69920BD400B008CA97D /* AppDelegate.swift */,
				00AEA69B20BD400B008CA97D /* ViewController.swift */,
				00AEA69D20BD400B008CA97D /* Main.storyboard */,
				00AEA6A320BD400D008CA97D /* Assets.xcassets */,
				00AEA6A520BD400D008CA97D /* LaunchScreen.storyboard */,
				00AEA6A820BD400E008CA97D /* Info.plist */,
				00AEA6A020BD400B008CA97D /* CoreDataTest.xcdatamodeld */,
			);
			path = CoreDataTest;
			sourceTree = "<group>";
		};
		00AEA6B020BD400E008CA97D /* CoreDataTestTests */ = {
			isa = PBXGroup;
			children = (
				00AEA6B120BD400E008CA97D /* CoreDataTestTests.swift */,
				00AEA6B320BD400E008CA97D /* Info.plist */,
			);
			path = CoreDataTestTests;
			sourceTree = "<group>";
		};
		00AEA6BB20BD400E008CA97D /* CoreDataTestUITests */ = {
			isa = PBXGroup;
			children = (
				00AEA6BC20BD400E008CA97D /* CoreDataTestUITests.swift */,
				00AEA6BE20BD400E008CA97D /* Info.plist */,
			);
			path = CoreDataTestUITests;
			sourceTree = "<group>";
		};
/* End PBXGroup section */

/* Begin PBXNativeTarget section */
		00AEA69520BD400B008CA97D /* CoreDataTest */ = {
			isa = PBXNativeTarget;
			buildConfigurationList = 00AEA6C120BD400E008CA97D /* Build configuration list for PBXNativeTarget "CoreDataTest" */;
			buildPhases = (
				00AEA69220BD400B008CA97D /* Sources */,
				00AEA69320BD400B008CA97D /* Frameworks */,
				00AEA69420BD400B008CA97D /* Resources */,
			);
			buildRules = (
			);
			dependencies = (
			);
			name = CoreDataTest;
			productName = CoreDataTest;
			productReference = 00AEA69620BD400B008CA97D /* CoreDataTest.app */;
			productType = "com.apple.product-type.application";
		};
		00AEA6AC20BD400E008CA97D /* CoreDataTestTests */ = {
			isa = PBXNativeTarget;
			buildConfigurationList = 00AEA6C420BD400E008CA97D /* Build configuration list for PBXNativeTarget "CoreDataTestTests" */;
			buildPhases = (
				00AEA6A920BD400E008CA97D /* Sources */,
				00AEA6AA20BD400E008CA97D /* Frameworks */,
				00AEA6AB20BD400E008CA97D /* Resources */,
			);
			buildRules = (
			);
			dependencies = (
				00AEA6AF20BD400E008CA97D /* PBXTargetDependency */,
			);
			name = CoreDataTestTests;
			productName = CoreDataTestTests;
			productReference = 00AEA6AD20BD400E008CA97D /* CoreDataTestTests.xctest */;
			productType = "com.apple.product-type.bundle.unit-test";
		};
		00AEA6B720BD400E008CA97D /* CoreDataTestUITests */ = {
			isa = PBXNativeTarget;
			buildConfigurationList = 00AEA6C720BD400E008CA97D /* Build configuration list for PBXNativeTarget "CoreDataTestUITests" */;
			buildPhases = (
				00AEA6B420BD400E008CA97D /* Sources */,
				00AEA6B520BD400E008CA97D /* Frameworks */,
				00AEA6B620BD400E008CA97D /* Resources */,
			);
			buildRules = (
			);
			dependencies = (
				00AEA6BA20BD400E008CA97D /* PBXTargetDependency */,
			);
			name = CoreDataTestUITests;
			productName = CoreDataTestUITests;
			productReference = 00AEA6B820BD400E008CA97D /* CoreDataTestUITests.xctest */;
			productType = "com.apple.product-type.bundle.ui-testing";
		};
/* End PBXNativeTarget section */

/* Begin PBXProject section */
		00AEA68E20BD400B008CA97D /* Project object */ = {
			isa = PBXProject;
			attributes = {
				LastSwiftUpdateCheck = 0930;
				LastUpgradeCheck = 0930;
				ORGANIZATIONNAME = "Robin Francq";
				TargetAttributes = {
					00AEA69520BD400B008CA97D = {
						CreatedOnToolsVersion = 9.3.1;
					};
					00AEA6AC20BD400E008CA97D = {
						CreatedOnToolsVersion = 9.3.1;
						TestTargetID = 00AEA69520BD400B008CA97D;
					};
					00AEA6B720BD400E008CA97D = {
						CreatedOnToolsVersion = 9.3.1;
						TestTargetID = 00AEA69520BD400B008CA97D;
					};
				};
			};
			buildConfigurationList = 00AEA69120BD400B008CA97D /* Build configuration list for PBXProject "CoreDataTest" */;
			compatibilityVersion = "Xcode 9.3";
			developmentRegion = en;
			hasScannedForEncodings = 0;
			knownRegions = (
				en,
				Base,
			);
			mainGroup = 00AEA68D20BD400B008CA97D;
			productRefGroup = 00AEA69720BD400B008CA97D /* Products */;
			projectDirPath = "";
			projectRoot = "";
			targets = (
				00AEA69520BD400B008CA97D /* CoreDataTest */,
				00AEA6AC20BD400E008CA97D /* CoreDataTestTests */,
				00AEA6B720BD400E008CA97D /* CoreDataTestUITests */,
			);
		};
/* End PBXProject section */

/* Begin PBXResourcesBuildPhase section */
		00AEA69420BD400B008CA97D /* Resources */ = {
			isa = PBXResourcesBuildPhase;
			buildActionMask = 2147483647;
			files = (
				00AEA6A720BD400D008CA97D /* LaunchScreen.storyboard in Resources */,
				00AEA6A420BD400D008CA97D /* Assets.xcassets in Resources */,
				00AEA69F20BD400B008CA97D /* Main.storyboard in Resources */,
			);
			runOnlyForDeploymentPostprocessing = 0;
		};
		00AEA6AB20BD400E008CA97D /* Resources */ = {
			isa = PBXResourcesBuildPhase;
			buildActionMask = 2147483647;
			files = (
			);
			runOnlyForDeploymentPostprocessing = 0;
		};
		00AEA6B620BD400E008CA97D /* Resources */ = {
			isa = PBXResourcesBuildPhase;
			buildActionMask = 2147483647;
			files = (
			);
			runOnlyForDeploymentPostprocessing = 0;
		};
/* End PBXResourcesBuildPhase section */

/* Begin PBXSourcesBuildPhase section */
		00AEA69220BD400B008CA97D /* Sources */ = {
			isa = PBXSourcesBuildPhase;
			buildActionMask = 2147483647;
			files = (
				00AEA69C20BD400B008CA97D /* ViewController.swift in Sources */,
				00AEA6A220BD400B008CA97D /* CoreDataTest.xcdatamodeld in Sources */,
				00AEA69A20BD400B008CA97D /* AppDelegate.swift in Sources */,
			);
			runOnlyForDeploymentPostprocessing = 0;
		};
		00AEA6A920BD400E008CA97D /* Sources */ = {
			isa = PBXSourcesBuildPhase;
			buildActionMask = 2147483647;
			files = (
				00AEA6B220BD400E008CA97D /* CoreDataTestTests.swift in Sources */,
			);
			runOnlyForDeploymentPostprocessing = 0;
		};
		00AEA6B420BD400E008CA97D /* Sources */ = {
			isa = PBXSourcesBuildPhase;
			buildActionMask = 2147483647;
			files = (
				00AEA6BD20BD400E008CA97D /* CoreDataTestUITests.swift in Sources */,
			);
			runOnlyForDeploymentPostprocessing = 0;
		};
/* End PBXSourcesBuildPhase section */

/* Begin PBXTargetDependency section */
		00AEA6AF20BD400E008CA97D /* PBXTargetDependency */ = {
			isa = PBXTargetDependency;
			target = 00AEA69520BD400B008CA97D /* CoreDataTest */;
			targetProxy = 00AEA6AE20BD400E008CA97D /* PBXContainerItemProxy */;
		};
		00AEA6BA20BD400E008CA97D /* PBXTargetDependency */ = {
			isa = PBXTargetDependency;
			target = 00AEA69520BD400B008CA97D /* CoreDataTest */;
			targetProxy = 00AEA6B920BD400E008CA97D /* PBXContainerItemProxy */;
		};
/* End PBXTargetDependency section */

/* Begin PBXVariantGroup section */
		00AEA69D20BD400B008CA97D /* Main.storyboard */ = {
			isa = PBXVariantGroup;
			children = (
				00AEA69E20BD400B008CA97D /* Base */,
			);
			name = Main.storyboard;
			sourceTree = "<group>";
		};
		00AEA6A520BD400D008CA97D /* LaunchScreen.storyboard */ = {
			isa = PBXVariantGroup;
			children = (
				00AEA6A620BD400D008CA97D /* Base */,
			);
			name = LaunchScreen.storyboard;
			sourceTree = "<group>";
		};
/* End PBXVariantGroup section */

/* Begin XCBuildConfiguration section */
		00AEA6BF20BD400E008CA97D /* Debug */ = {
			isa = XCBuildConfiguration;
			buildSettings = {
				ALWAYS_SEARCH_USER_PATHS = NO;
				CLANG_ANALYZER_NONNULL = YES;
				CLANG_ANALYZER_NUMBER_OBJECT_CONVERSION = YES_AGGRESSIVE;
				CLANG_CXX_LANGUAGE_STANDARD = "gnu++14";
				CLANG_CXX_LIBRARY = "libc++";
				CLANG_ENABLE_MODULES = YES;
				CLANG_ENABLE_OBJC_ARC = YES;
				CLANG_ENABLE_OBJC_WEAK = YES;
				CLANG_WARN_BLOCK_CAPTURE_AUTORELEASING = YES;
				CLANG_WARN_BOOL_CONVERSION = YES;
				CLANG_WARN_COMMA = YES;
				CLANG_WARN_CONSTANT_CONVERSION = YES;
				CLANG_WARN_DEPRECATED_OBJC_IMPLEMENTATIONS = YES;
				CLANG_WARN_DIRECT_OBJC_ISA_USAGE = YES_ERROR;
				CLANG_WARN_DOCUMENTATION_COMMENTS = YES;
				CLANG_WARN_EMPTY_BODY = YES;
				CLANG_WARN_ENUM_CONVERSION = YES;
				CLANG_WARN_INFINITE_RECURSION = YES;
				CLANG_WARN_INT_CONVERSION = YES;
				CLANG_WARN_NON_LITERAL_NULL_CONVERSION = YES;
				CLANG_WARN_OBJC_IMPLICIT_RETAIN_SELF = YES;
				CLANG_WARN_OBJC_LITERAL_CONVERSION = YES;
				CLANG_WARN_OBJC_ROOT_CLASS = YES_ERROR;
				CLANG_WARN_RANGE_LOOP_ANALYSIS = YES;
				CLANG_WARN_STRICT_PROTOTYPES = YES;
				CLANG_WARN_SUSPICIOUS_MOVE = YES;
				CLANG_WARN_UNGUARDED_AVAILABILITY = YES_AGGRESSIVE;
				CLANG_WARN_UNREACHABLE_CODE = YES;
				CLANG_WARN__DUPLICATE_METHOD_MATCH = YES;
				CODE_SIGN_IDENTITY = "iPhone Developer";
				COPY_PHASE_STRIP = NO;
				DEBUG_INFORMATION_FORMAT = dwarf;
				ENABLE_STRICT_OBJC_MSGSEND = YES;
				ENABLE_TESTABILITY = YES;
				GCC_C_LANGUAGE_STANDARD = gnu11;
				GCC_DYNAMIC_NO_PIC = NO;
				GCC_NO_COMMON_BLOCKS = YES;
				GCC_OPTIMIZATION_LEVEL = 0;
				GCC_PREPROCESSOR_DEFINITIONS = (
					"DEBUG=1",
					"$(inherited)",
				);
				GCC_WARN_64_TO_32_BIT_CONVERSION = YES;
				GCC_WARN_ABOUT_RETURN_TYPE = YES_ERROR;
				GCC_WARN_UNDECLARED_SELECTOR = YES;
				GCC_WARN_UNINITIALIZED_AUTOS = YES_AGGRESSIVE;
				GCC_WARN_UNUSED_FUNCTION = YES;
				GCC_WARN_UNUSED_VARIABLE = YES;
				IPHONEOS_DEPLOYMENT_TARGET = 11.3;
				MTL_ENABLE_DEBUG_INFO = YES;
				ONLY_ACTIVE_ARCH = YES;
				SDKROOT = iphoneos;
				SWIFT_ACTIVE_COMPILATION_CONDITIONS = DEBUG;
				SWIFT_OPTIMIZATION_LEVEL = "-Onone";
			};
			name = Debug;
		};
		00AEA6C020BD400E008CA97D /* Release */ = {
			isa = XCBuildConfiguration;
			buildSettings = {
				ALWAYS_SEARCH_USER_PATHS = NO;
				CLANG_ANALYZER_NONNULL = YES;
				CLANG_ANALYZER_NUMBER_OBJECT_CONVERSION = YES_AGGRESSIVE;
				CLANG_CXX_LANGUAGE_STANDARD = "gnu++14";
				CLANG_CXX_LIBRARY = "libc++";
				CLANG_ENABLE_MODULES = YES;
				CLANG_ENABLE_OBJC_ARC = YES;
				CLANG_ENABLE_OBJC_WEAK = YES;
				CLANG_WARN_BLOCK_CAPTURE_AUTORELEASING = YES;
				CLANG_WARN_BOOL_CONVERSION = YES;
				CLANG_WARN_COMMA = YES;
				CLANG_WARN_CONSTANT_CONVERSION = YES;
				CLANG_WARN_DEPRECATED_OBJC_IMPLEMENTATIONS = YES;
				CLANG_WARN_DIRECT_OBJC_ISA_USAGE = YES_ERROR;
				CLANG_WARN_DOCUMENTATION_COMMENTS = YES;
				CLANG_WARN_EMPTY_BODY = YES;
				CLANG_WARN_ENUM_CONVERSION = YES;
				CLANG_WARN_INFINITE_RECURSION = YES;
				CLANG_WARN_INT_CONVERSION = YES;
				CLANG_WARN_NON_LITERAL_NULL_CONVERSION = YES;
				CLANG_WARN_OBJC_IMPLICIT_RETAIN_SELF = YES;
				CLANG_WARN_OBJC_LITERAL_CONVERSION = YES;
				CLANG_WARN_OBJC_ROOT_CLASS = YES_ERROR;
				CLANG_WARN_RANGE_LOOP_ANALYSIS = YES;
				CLANG_WARN_STRICT_PROTOTYPES = YES;
				CLANG_WARN_SUSPICIOUS_MOVE = YES;
				CLANG_WARN_UNGUARDED_AVAILABILITY = YES_AGGRESSIVE;
				CLANG_WARN_UNREACHABLE_CODE = YES;
				CLANG_WARN__DUPLICATE_METHOD_MATCH = YES;
				CODE_SIGN_IDENTITY = "iPhone Developer";
				COPY_PHASE_STRIP = NO;
				DEBUG_INFORMATION_FORMAT = "dwarf-with-dsym";
				ENABLE_NS_ASSERTIONS = NO;
				ENABLE_STRICT_OBJC_MSGSEND = YES;
				GCC_C_LANGUAGE_STANDARD = gnu11;
				GCC_NO_COMMON_BLOCKS = YES;
				GCC_WARN_64_TO_32_BIT_CONVERSION = YES;
				GCC_WARN_ABOUT_RETURN_TYPE = YES_ERROR;
				GCC_WARN_UNDECLARED_SELECTOR = YES;
				GCC_WARN_UNINITIALIZED_AUTOS = YES_AGGRESSIVE;
				GCC_WARN_UNUSED_FUNCTION = YES;
				GCC_WARN_UNUSED_VARIABLE = YES;
				IPHONEOS_DEPLOYMENT_TARGET = 11.3;
				MTL_ENABLE_DEBUG_INFO = NO;
				SDKROOT = iphoneos;
				SWIFT_COMPILATION_MODE = wholemodule;
				SWIFT_OPTIMIZATION_LEVEL = "-O";
				VALIDATE_PRODUCT = YES;
			};
			name = Release;
		};
		00AEA6C220BD400E008CA97D /* Debug */ = {
			isa = XCBuildConfiguration;
			buildSettings = {
				ASSETCATALOG_COMPILER_APPICON_NAME = AppIcon;
				CODE_SIGN_STYLE = Automatic;
				DEVELOPMENT_TEAM = J676C8A7S2;
				INFOPLIST_FILE = CoreDataTest/Info.plist;
				LD_RUNPATH_SEARCH_PATHS = (
					"$(inherited)",
					"@executable_path/Frameworks",
				);
				PRODUCT_BUNDLE_IDENTIFIER = "-998.CoreDataTest";
				PRODUCT_NAME = "$(TARGET_NAME)";
				SWIFT_VERSION = 4.0;
				TARGETED_DEVICE_FAMILY = "1,2";
			};
			name = Debug;
		};
		00AEA6C320BD400E008CA97D /* Release */ = {
			isa = XCBuildConfiguration;
			buildSettings = {
				ASSETCATALOG_COMPILER_APPICON_NAME = AppIcon;
				CODE_SIGN_STYLE = Automatic;
				DEVELOPMENT_TEAM = J676C8A7S2;
				INFOPLIST_FILE = CoreDataTest/Info.plist;
				LD_RUNPATH_SEARCH_PATHS = (
					"$(inherited)",
					"@executable_path/Frameworks",
				);
				PRODUCT_BUNDLE_IDENTIFIER = "-998.CoreDataTest";
				PRODUCT_NAME = "$(TARGET_NAME)";
				SWIFT_VERSION = 4.0;
				TARGETED_DEVICE_FAMILY = "1,2";
			};
			name = Release;
		};
		00AEA6C520BD400E008CA97D /* Debug */ = {
			isa = XCBuildConfiguration;
			buildSettings = {
				ALWAYS_EMBED_SWIFT_STANDARD_LIBRARIES = YES;
				BUNDLE_LOADER = "$(TEST_HOST)";
				CODE_SIGN_STYLE = Automatic;
				DEVELOPMENT_TEAM = J676C8A7S2;
				INFOPLIST_FILE = CoreDataTestTests/Info.plist;
				LD_RUNPATH_SEARCH_PATHS = (
					"$(inherited)",
					"@executable_path/Frameworks",
					"@loader_path/Frameworks",
				);
				PRODUCT_BUNDLE_IDENTIFIER = "-998.CoreDataTestTests";
				PRODUCT_NAME = "$(TARGET_NAME)";
				SWIFT_VERSION = 4.0;
				TARGETED_DEVICE_FAMILY = "1,2";
				TEST_HOST = "$(BUILT_PRODUCTS_DIR)/CoreDataTest.app/CoreDataTest";
			};
			name = Debug;
		};
		00AEA6C620BD400E008CA97D /* Release */ = {
			isa = XCBuildConfiguration;
			buildSettings = {
				ALWAYS_EMBED_SWIFT_STANDARD_LIBRARIES = YES;
				BUNDLE_LOADER = "$(TEST_HOST)";
				CODE_SIGN_STYLE = Automatic;
				DEVELOPMENT_TEAM = J676C8A7S2;
				INFOPLIST_FILE = CoreDataTestTests/Info.plist;
				LD_RUNPATH_SEARCH_PATHS = (
					"$(inherited)",
					"@executable_path/Frameworks",
					"@loader_path/Frameworks",
				);
				PRODUCT_BUNDLE_IDENTIFIER = "-998.CoreDataTestTests";
				PRODUCT_NAME = "$(TARGET_NAME)";
				SWIFT_VERSION = 4.0;
				TARGETED_DEVICE_FAMILY = "1,2";
				TEST_HOST = "$(BUILT_PRODUCTS_DIR)/CoreDataTest.app/CoreDataTest";
			};
			name = Release;
		};
		00AEA6C820BD400E008CA97D /* Debug */ = {
			isa = XCBuildConfiguration;
			buildSettings = {
				ALWAYS_EMBED_SWIFT_STANDARD_LIBRARIES = YES;
				CODE_SIGN_STYLE = Automatic;
				DEVELOPMENT_TEAM = J676C8A7S2;
				INFOPLIST_FILE = CoreDataTestUITests/Info.plist;
				LD_RUNPATH_SEARCH_PATHS = (
					"$(inherited)",
					"@executable_path/Frameworks",
					"@loader_path/Frameworks",
				);
				PRODUCT_BUNDLE_IDENTIFIER = "-998.CoreDataTestUITests";
				PRODUCT_NAME = "$(TARGET_NAME)";
				SWIFT_VERSION = 4.0;
				TARGETED_DEVICE_FAMILY = "1,2";
				TEST_TARGET_NAME = CoreDataTest;
			};
			name = Debug;
		};
		00AEA6C920BD400E008CA97D /* Release */ = {
			isa = XCBuildConfiguration;
			buildSettings = {
				ALWAYS_EMBED_SWIFT_STANDARD_LIBRARIES = YES;
				CODE_SIGN_STYLE = Automatic;
				DEVELOPMENT_TEAM = J676C8A7S2;
				INFOPLIST_FILE = CoreDataTestUITests/Info.plist;
				LD_RUNPATH_SEARCH_PATHS = (
					"$(inherited)",
					"@executable_path/Frameworks",
					"@loader_path/Frameworks",
				);
				PRODUCT_BUNDLE_IDENTIFIER = "-998.CoreDataTestUITests";
				PRODUCT_NAME = "$(TARGET_NAME)";
				SWIFT_VERSION = 4.0;
				TARGETED_DEVICE_FAMILY = "1,2";
				TEST_TARGET_NAME = CoreDataTest;
			};
			name = Release;
		};
/* End XCBuildConfiguration section */

/* Begin XCConfigurationList section */
		00AEA69120BD400B008CA97D /* Build configuration list for PBXProject "CoreDataTest" */ = {
			isa = XCConfigurationList;
			buildConfigurations = (
				00AEA6BF20BD400E008CA97D /* Debug */,
				00AEA6C020BD400E008CA97D /* Release */,
			);
			defaultConfigurationIsVisible = 0;
			defaultConfigurationName = Release;
		};
		00AEA6C120BD400E008CA97D /* Build configuration list for PBXNativeTarget "CoreDataTest" */ = {
			isa = XCConfigurationList;
			buildConfigurations = (
				00AEA6C220BD400E008CA97D /* Debug */,
				00AEA6C320BD400E008CA97D /* Release */,
			);
			defaultConfigurationIsVisible = 0;
			defaultConfigurationName = Release;
		};
		00AEA6C420BD400E008CA97D /* Build configuration list for PBXNativeTarget "CoreDataTestTests" */ = {
			isa = XCConfigurationList;
			buildConfigurations = (
				00AEA6C520BD400E008CA97D /* Debug */,
				00AEA6C620BD400E008CA97D /* Release */,
			);
			defaultConfigurationIsVisible = 0;
			defaultConfigurationName = Release;
		};
		00AEA6C720BD400E008CA97D /* Build configuration list for PBXNativeTarget "CoreDataTestUITests" */ = {
			isa = XCConfigurationList;
			buildConfigurations = (
				00AEA6C820BD400E008CA97D /* Debug */,
				00AEA6C920BD400E008CA97D /* Release */,
			);
			defaultConfigurationIsVisible = 0;
			defaultConfigurationName = Release;
		};
/* End XCConfigurationList section */

/* Begin XCVersionGroup section */
		00AEA6A020BD400B008CA97D /* CoreDataTest.xcdatamodeld */ = {
			isa = XCVersionGroup;
			children = (
				00AEA6A120BD400B008CA97D /* CoreDataTest.xcdatamodel */,
			);
			currentVersion = 00AEA6A120BD400B008CA97D /* CoreDataTest.xcdatamodel */;
			path = CoreDataTest.xcdatamodeld;
			sourceTree = "<group>";
			versionGroupType = wrapper.xcdatamodel;
		};
/* End XCVersionGroup section */
	};
	rootObject = 00AEA68E20BD400B008CA97D /* Project object */;
}
